
Microsoft Visual Studio Solution File, Format Version 12.00
# Visual Studio Version 16
VisualStudioVersion = 16.0.29209.62
MinimumVisualStudioVersion = 10.0.40219.1
Project("{FAE04EC0-301F-11D3-BF4B-00C04F79EFBC}") = "Exercise1", "Exercise1\Exercise1.csproj", "{ED8CD71A-401A-46D6-AE58-BE1444025424}"
EndProject
Project("{FAE04EC0-301F-11D3-BF4B-00C04F79EFBC}") = "Exercise3", "Exercise3\Exercise3.csproj", "{75A64500-708E-4CE7-86FB-B1816A84A54D}"
EndProject
Project("{2150E333-8FDC-42A3-9474-1A3956D46DE8}") = "Lists", "Lists", "{26DCB3A6-FE1E-4399-BFA6-C51F695653A7}"
EndProject
Project("{FAE04EC0-301F-11D3-BF4B-00C04F79EFBC}") = "ListExercise1", "List1\ListExercise1.csproj", "{FE65E9F7-79CB-4250-A63A-3CAEA41D4BBC}"
EndProject
Project("{FAE04EC0-301F-11D3-BF4B-00C04F79EFBC}") = "ListExercise2", "ListExercise2\ListExercise2.csproj", "{1F816B29-99F5-43A8-90FF-071A814AEDD2}"
EndProject
Project("{FAE04EC0-301F-11D3-BF4B-00C04F79EFBC}") = "ListExercise3", "ListExercise3\ListExercise3.csproj", "{1B2FA9BE-2B4E-4BD1-BBFA-47AFF0A62D45}"
EndProject
Project("{FAE04EC0-301F-11D3-BF4B-00C04F79EFBC}") = "ListExercise4", "ListExercise4\ListExercise4.csproj", "{AA656156-AAEB-475B-8CD5-855EF942CB3B}"
EndProject
Project("{FAE04EC0-301F-11D3-BF4B-00C04F79EFBC}") = "ListExercise5", "ListExercise5\ListExercise5.csproj", "{6084CB74-FC43-42D4-ADEA-D80D40610F10}"
EndProject
Project("{FAE04EC0-301F-11D3-BF4B-00C04F79EFBC}") = "ListExercise6", "ListExercise6\ListExercise6.csproj", "{4D7A9663-F901-411C-A9D9-93C84B6B6F55}"
EndProject
Project("{FAE04EC0-301F-11D3-BF4B-00C04F79EFBC}") = "ListExercise7", "ListExercise7\ListExercise7.csproj", "{70C0AA0C-13E1-44CC-A0C3-52BE73FB7DEF}"
EndProject
Project("{FAE04EC0-301F-11D3-BF4B-00C04F79EFBC}") = "ListExercise8", "ListExercise8\ListExercise8.csproj", "{3FC38E48-82DB-4F04-97EC-E38882EDB594}"
EndProject
Project("{FAE04EC0-301F-11D3-BF4B-00C04F79EFBC}") = "ListExercise9", "ListExercise9\ListExercise9.csproj", "{1A7FB814-81F8-4B9D-8E3D-73CAAAD65A12}"
EndProject
Project("{FAE04EC0-301F-11D3-BF4B-00C04F79EFBC}") = "ListExercise10", "ListExercise10\ListExercise10.csproj", "{2B71522E-3538-4D5E-B8BB-037C7621089E}"
EndProject
Project("{FAE04EC0-301F-11D3-BF4B-00C04F79EFBC}") = "Exercise4", "Exercise4\Exercise4.csproj", "{A23C3AC6-CFB9-4C85-9B72-003EC9651119}"
EndProject
Project("{FAE04EC0-301F-11D3-BF4B-00C04F79EFBC}") = "Exercise5", "Exercise5\Exercise5.csproj", "{6031816B-4EDE-4FC2-B0D9-511A190EAB7D}"
EndProject
Project("{FAE04EC0-301F-11D3-BF4B-00C04F79EFBC}") = "Exercise6WordCount", "Exercise6WordCount\Exercise6WordCount.csproj", "{DD348674-63C8-44F0-BE46-BD62BBEE4FDB}"
EndProject
Project("{FAE04EC0-301F-11D3-BF4B-00C04F79EFBC}") = "Exercise7FlightPlanner", "Exercise7FlightPlanner\Exercise7FlightPlanner.csproj", "{9F7F1527-1412-4C9D-AFF4-8DB207F3DF63}"
EndProject
Project("{FAE04EC0-301F-11D3-BF4B-00C04F79EFBC}") = "Exercise8Histogram", "Exercise8Histogram\Exercise8Histogram.csproj", "{8FDF5E3F-B90B-4F31-88C3-26843DAC83AB}"
EndProject
Project("{FAE04EC0-301F-11D3-BF4B-00C04F79EFBC}") = "Exercise9PhoneBook", "PhoneBook\Exercise9PhoneBook.csproj", "{DF373B20-E1A8-4B04-B948-B68B09183C14}"
EndProject
Global
	GlobalSection(SolutionConfigurationPlatforms) = preSolution
		Debug|Any CPU = Debug|Any CPU
		Release|Any CPU = Release|Any CPU
	EndGlobalSection
	GlobalSection(ProjectConfigurationPlatforms) = postSolution
		{ED8CD71A-401A-46D6-AE58-BE1444025424}.Debug|Any CPU.ActiveCfg = Debug|Any CPU
		{ED8CD71A-401A-46D6-AE58-BE1444025424}.Debug|Any CPU.Build.0 = Debug|Any CPU
		{ED8CD71A-401A-46D6-AE58-BE1444025424}.Release|Any CPU.ActiveCfg = Release|Any CPU
		{ED8CD71A-401A-46D6-AE58-BE1444025424}.Release|Any CPU.Build.0 = Release|Any CPU
		{75A64500-708E-4CE7-86FB-B1816A84A54D}.Debug|Any CPU.ActiveCfg = Debug|Any CPU
		{75A64500-708E-4CE7-86FB-B1816A84A54D}.Debug|Any CPU.Build.0 = Debug|Any CPU
		{75A64500-708E-4CE7-86FB-B1816A84A54D}.Release|Any CPU.ActiveCfg = Release|Any CPU
		{75A64500-708E-4CE7-86FB-B1816A84A54D}.Release|Any CPU.Build.0 = Release|Any CPU
		{FE65E9F7-79CB-4250-A63A-3CAEA41D4BBC}.Debug|Any CPU.ActiveCfg = Debug|Any CPU
		{FE65E9F7-79CB-4250-A63A-3CAEA41D4BBC}.Debug|Any CPU.Build.0 = Debug|Any CPU
		{FE65E9F7-79CB-4250-A63A-3CAEA41D4BBC}.Release|Any CPU.ActiveCfg = Release|Any CPU
		{FE65E9F7-79CB-4250-A63A-3CAEA41D4BBC}.Release|Any CPU.Build.0 = Release|Any CPU
		{1F816B29-99F5-43A8-90FF-071A814AEDD2}.Debug|Any CPU.ActiveCfg = Debug|Any CPU
		{1F816B29-99F5-43A8-90FF-071A814AEDD2}.Debug|Any CPU.Build.0 = Debug|Any CPU
		{1F816B29-99F5-43A8-90FF-071A814AEDD2}.Release|Any CPU.ActiveCfg = Release|Any CPU
		{1F816B29-99F5-43A8-90FF-071A814AEDD2}.Release|Any CPU.Build.0 = Release|Any CPU
		{1B2FA9BE-2B4E-4BD1-BBFA-47AFF0A62D45}.Debug|Any CPU.ActiveCfg = Debug|Any CPU
		{1B2FA9BE-2B4E-4BD1-BBFA-47AFF0A62D45}.Debug|Any CPU.Build.0 = Debug|Any CPU
		{1B2FA9BE-2B4E-4BD1-BBFA-47AFF0A62D45}.Release|Any CPU.ActiveCfg = Release|Any CPU
		{1B2FA9BE-2B4E-4BD1-BBFA-47AFF0A62D45}.Release|Any CPU.Build.0 = Release|Any CPU
		{AA656156-AAEB-475B-8CD5-855EF942CB3B}.Debug|Any CPU.ActiveCfg = Debug|Any CPU
		{AA656156-AAEB-475B-8CD5-855EF942CB3B}.Debug|Any CPU.Build.0 = Debug|Any CPU
		{AA656156-AAEB-475B-8CD5-855EF942CB3B}.Release|Any CPU.ActiveCfg = Release|Any CPU
		{AA656156-AAEB-475B-8CD5-855EF942CB3B}.Release|Any CPU.Build.0 = Release|Any CPU
		{6084CB74-FC43-42D4-ADEA-D80D40610F10}.Debug|Any CPU.ActiveCfg = Debug|Any CPU
		{6084CB74-FC43-42D4-ADEA-D80D40610F10}.Debug|Any CPU.Build.0 = Debug|Any CPU
		{6084CB74-FC43-42D4-ADEA-D80D40610F10}.Release|Any CPU.ActiveCfg = Release|Any CPU
		{6084CB74-FC43-42D4-ADEA-D80D40610F10}.Release|Any CPU.Build.0 = Release|Any CPU
		{4D7A9663-F901-411C-A9D9-93C84B6B6F55}.Debug|Any CPU.ActiveCfg = Debug|Any CPU
		{4D7A9663-F901-411C-A9D9-93C84B6B6F55}.Debug|Any CPU.Build.0 = Debug|Any CPU
		{4D7A9663-F901-411C-A9D9-93C84B6B6F55}.Release|Any CPU.ActiveCfg = Release|Any CPU
		{4D7A9663-F901-411C-A9D9-93C84B6B6F55}.Release|Any CPU.Build.0 = Release|Any CPU
		{70C0AA0C-13E1-44CC-A0C3-52BE73FB7DEF}.Debug|Any CPU.ActiveCfg = Debug|Any CPU
		{70C0AA0C-13E1-44CC-A0C3-52BE73FB7DEF}.Debug|Any CPU.Build.0 = Debug|Any CPU
		{70C0AA0C-13E1-44CC-A0C3-52BE73FB7DEF}.Release|Any CPU.ActiveCfg = Release|Any CPU
		{70C0AA0C-13E1-44CC-A0C3-52BE73FB7DEF}.Release|Any CPU.Build.0 = Release|Any CPU
		{3FC38E48-82DB-4F04-97EC-E38882EDB594}.Debug|Any CPU.ActiveCfg = Debug|Any CPU
		{3FC38E48-82DB-4F04-97EC-E38882EDB594}.Debug|Any CPU.Build.0 = Debug|Any CPU
		{3FC38E48-82DB-4F04-97EC-E38882EDB594}.Release|Any CPU.ActiveCfg = Release|Any CPU
		{3FC38E48-82DB-4F04-97EC-E38882EDB594}.Release|Any CPU.Build.0 = Release|Any CPU
		{1A7FB814-81F8-4B9D-8E3D-73CAAAD65A12}.Debug|Any CPU.ActiveCfg = Debug|Any CPU
		{1A7FB814-81F8-4B9D-8E3D-73CAAAD65A12}.Debug|Any CPU.Build.0 = Debug|Any CPU
		{1A7FB814-81F8-4B9D-8E3D-73CAAAD65A12}.Release|Any CPU.ActiveCfg = Release|Any CPU
		{1A7FB814-81F8-4B9D-8E3D-73CAAAD65A12}.Release|Any CPU.Build.0 = Release|Any CPU
		{2B71522E-3538-4D5E-B8BB-037C7621089E}.Debug|Any CPU.ActiveCfg = Debug|Any CPU
		{2B71522E-3538-4D5E-B8BB-037C7621089E}.Debug|Any CPU.Build.0 = Debug|Any CPU
		{2B71522E-3538-4D5E-B8BB-037C7621089E}.Release|Any CPU.ActiveCfg = Release|Any CPU
		{2B71522E-3538-4D5E-B8BB-037C7621089E}.Release|Any CPU.Build.0 = Release|Any CPU
		{A23C3AC6-CFB9-4C85-9B72-003EC9651119}.Debug|Any CPU.ActiveCfg = Debug|Any CPU
		{A23C3AC6-CFB9-4C85-9B72-003EC9651119}.Debug|Any CPU.Build.0 = Debug|Any CPU
		{A23C3AC6-CFB9-4C85-9B72-003EC9651119}.Release|Any CPU.ActiveCfg = Release|Any CPU
		{A23C3AC6-CFB9-4C85-9B72-003EC9651119}.Release|Any CPU.Build.0 = Release|Any CPU
		{6031816B-4EDE-4FC2-B0D9-511A190EAB7D}.Debug|Any CPU.ActiveCfg = Debug|Any CPU
		{6031816B-4EDE-4FC2-B0D9-511A190EAB7D}.Debug|Any CPU.Build.0 = Debug|Any CPU
		{6031816B-4EDE-4FC2-B0D9-511A190EAB7D}.Release|Any CPU.ActiveCfg = Release|Any CPU
		{6031816B-4EDE-4FC2-B0D9-511A190EAB7D}.Release|Any CPU.Build.0 = Release|Any CPU
		{DD348674-63C8-44F0-BE46-BD62BBEE4FDB}.Debug|Any CPU.ActiveCfg = Debug|Any CPU
		{DD348674-63C8-44F0-BE46-BD62BBEE4FDB}.Debug|Any CPU.Build.0 = Debug|Any CPU
		{DD348674-63C8-44F0-BE46-BD62BBEE4FDB}.Release|Any CPU.ActiveCfg = Release|Any CPU
		{DD348674-63C8-44F0-BE46-BD62BBEE4FDB}.Release|Any CPU.Build.0 = Release|Any CPU
		{9F7F1527-1412-4C9D-AFF4-8DB207F3DF63}.Debug|Any CPU.ActiveCfg = Debug|Any CPU
		{9F7F1527-1412-4C9D-AFF4-8DB207F3DF63}.Debug|Any CPU.Build.0 = Debug|Any CPU
		{9F7F1527-1412-4C9D-AFF4-8DB207F3DF63}.Release|Any CPU.ActiveCfg = Release|Any CPU
		{9F7F1527-1412-4C9D-AFF4-8DB207F3DF63}.Release|Any CPU.Build.0 = Release|Any CPU
		{8FDF5E3F-B90B-4F31-88C3-26843DAC83AB}.Debug|Any CPU.ActiveCfg = Debug|Any CPU
		{8FDF5E3F-B90B-4F31-88C3-26843DAC83AB}.Debug|Any CPU.Build.0 = Debug|Any CPU
		{8FDF5E3F-B90B-4F31-88C3-26843DAC83AB}.Release|Any CPU.ActiveCfg = Release|Any CPU
		{8FDF5E3F-B90B-4F31-88C3-26843DAC83AB}.Release|Any CPU.Build.0 = Release|Any CPU
		{DF373B20-E1A8-4B04-B948-B68B09183C14}.Debug|Any CPU.ActiveCfg = Debug|Any CPU
		{DF373B20-E1A8-4B04-B948-B68B09183C14}.Debug|Any CPU.Build.0 = Debug|Any CPU
		{DF373B20-E1A8-4B04-B948-B68B09183C14}.Release|Any CPU.ActiveCfg = Release|Any CPU
		{DF373B20-E1A8-4B04-B948-B68B09183C14}.Release|Any CPU.Build.0 = Release|Any CPU
	EndGlobalSection
	GlobalSection(SolutionProperties) = preSolution
		HideSolutionNode = FALSE
	EndGlobalSection
	GlobalSection(NestedProjects) = preSolution
		{FE65E9F7-79CB-4250-A63A-3CAEA41D4BBC} = {26DCB3A6-FE1E-4399-BFA6-C51F695653A7}
		{1F816B29-99F5-43A8-90FF-071A814AEDD2} = {26DCB3A6-FE1E-4399-BFA6-C51F695653A7}
		{1B2FA9BE-2B4E-4BD1-BBFA-47AFF0A62D45} = {26DCB3A6-FE1E-4399-BFA6-C51F695653A7}
		{AA656156-AAEB-475B-8CD5-855EF942CB3B} = {26DCB3A6-FE1E-4399-BFA6-C51F695653A7}
		{6084CB74-FC43-42D4-ADEA-D80D40610F10} = {26DCB3A6-FE1E-4399-BFA6-C51F695653A7}
		{4D7A9663-F901-411C-A9D9-93C84B6B6F55} = {26DCB3A6-FE1E-4399-BFA6-C51F695653A7}
		{70C0AA0C-13E1-44CC-A0C3-52BE73FB7DEF} = {26DCB3A6-FE1E-4399-BFA6-C51F695653A7}
		{3FC38E48-82DB-4F04-97EC-E38882EDB594} = {26DCB3A6-FE1E-4399-BFA6-C51F695653A7}
		{1A7FB814-81F8-4B9D-8E3D-73CAAAD65A12} = {26DCB3A6-FE1E-4399-BFA6-C51F695653A7}
		{2B71522E-3538-4D5E-B8BB-037C7621089E} = {26DCB3A6-FE1E-4399-BFA6-C51F695653A7}
	EndGlobalSection
	GlobalSection(ExtensibilityGlobals) = postSolution
		SolutionGuid = {E49078EF-3EA9-4549-894B-81B8C53C065E}
	EndGlobalSection
EndGlobal
