
Microsoft Visual Studio Solution File, Format Version 12.00
# Visual Studio Version 16
VisualStudioVersion = 16.0.29009.5
MinimumVisualStudioVersion = 10.0.40219.1
Project("{FAE04EC0-301F-11D3-BF4B-00C04F79EFBC}") = "Casting", "Casting\Casting.csproj", "{EA09AC9C-0BC1-4471-8471-20EE254D7C60}"
EndProject
Project("{FAE04EC0-301F-11D3-BF4B-00C04F79EFBC}") = "MoreVariablesAndPrinting", "MoreVariablesAndPrinting\MoreVariablesAndPrinting.csproj", "{01BAAA3E-5406-4CDB-B03C-1C3222FBA20C}"
EndProject
Project("{FAE04EC0-301F-11D3-BF4B-00C04F79EFBC}") = "SadFor", "SadFor\SadFor.csproj", "{357F7727-F6D3-4CF3-A2BB-72AC6F6A28D0}"
EndProject
Project("{FAE04EC0-301F-11D3-BF4B-00C04F79EFBC}") = "VariablesAndNames", "VariablesAndNames\VariablesAndNames.csproj", "{38CD71E6-6995-4D0D-A781-B4202B40BFB1}"
EndProject
Project("{FAE04EC0-301F-11D3-BF4B-00C04F79EFBC}") = "Excersise4", "Excersise4\Excersise4.csproj", "{C7BE4918-CD69-44D0-93A4-B7F8EFE7EB81}"
EndProject
Project("{FAE04EC0-301F-11D3-BF4B-00C04F79EFBC}") = "Excersise5", "Excersise5\Excersise5.csproj", "{0DA35911-F89E-4268-B0DF-A2BFEAFF0F0B}"
EndProject
Project("{FAE04EC0-301F-11D3-BF4B-00C04F79EFBC}") = "Exercise6", "Exercise6\Exercise6.csproj", "{916B1777-57C4-4FDD-91CB-D903ACE97499}"
EndProject
Project("{FAE04EC0-301F-11D3-BF4B-00C04F79EFBC}") = "Exercise7", "Exercise7\Exercise7.csproj", "{DED998DE-DB62-41E1-A3A1-389EFAF7530B}"
EndProject
Project("{FAE04EC0-301F-11D3-BF4B-00C04F79EFBC}") = "Exercise8", "Exercise8\Exercise8.csproj", "{BD71006A-60DA-47D6-A4EE-7F1C59BE8C9A}"
EndProject
Project("{FAE04EC0-301F-11D3-BF4B-00C04F79EFBC}") = "Exercise9", "Exercise9\Exercise9.csproj", "{3A6A2687-04BA-4AE1-BC75-71C367BAB338}"
EndProject
Global
	GlobalSection(SolutionConfigurationPlatforms) = preSolution
		Debug|Any CPU = Debug|Any CPU
		Release|Any CPU = Release|Any CPU
	EndGlobalSection
	GlobalSection(ProjectConfigurationPlatforms) = postSolution
		{EA09AC9C-0BC1-4471-8471-20EE254D7C60}.Debug|Any CPU.ActiveCfg = Debug|Any CPU
		{EA09AC9C-0BC1-4471-8471-20EE254D7C60}.Debug|Any CPU.Build.0 = Debug|Any CPU
		{EA09AC9C-0BC1-4471-8471-20EE254D7C60}.Release|Any CPU.ActiveCfg = Release|Any CPU
		{EA09AC9C-0BC1-4471-8471-20EE254D7C60}.Release|Any CPU.Build.0 = Release|Any CPU
		{01BAAA3E-5406-4CDB-B03C-1C3222FBA20C}.Debug|Any CPU.ActiveCfg = Debug|Any CPU
		{01BAAA3E-5406-4CDB-B03C-1C3222FBA20C}.Debug|Any CPU.Build.0 = Debug|Any CPU
		{01BAAA3E-5406-4CDB-B03C-1C3222FBA20C}.Release|Any CPU.ActiveCfg = Release|Any CPU
		{01BAAA3E-5406-4CDB-B03C-1C3222FBA20C}.Release|Any CPU.Build.0 = Release|Any CPU
		{357F7727-F6D3-4CF3-A2BB-72AC6F6A28D0}.Debug|Any CPU.ActiveCfg = Debug|Any CPU
		{357F7727-F6D3-4CF3-A2BB-72AC6F6A28D0}.Debug|Any CPU.Build.0 = Debug|Any CPU
		{357F7727-F6D3-4CF3-A2BB-72AC6F6A28D0}.Release|Any CPU.ActiveCfg = Release|Any CPU
		{357F7727-F6D3-4CF3-A2BB-72AC6F6A28D0}.Release|Any CPU.Build.0 = Release|Any CPU
		{38CD71E6-6995-4D0D-A781-B4202B40BFB1}.Debug|Any CPU.ActiveCfg = Debug|Any CPU
		{38CD71E6-6995-4D0D-A781-B4202B40BFB1}.Debug|Any CPU.Build.0 = Debug|Any CPU
		{38CD71E6-6995-4D0D-A781-B4202B40BFB1}.Release|Any CPU.ActiveCfg = Release|Any CPU
		{38CD71E6-6995-4D0D-A781-B4202B40BFB1}.Release|Any CPU.Build.0 = Release|Any CPU
		{C7BE4918-CD69-44D0-93A4-B7F8EFE7EB81}.Debug|Any CPU.ActiveCfg = Debug|Any CPU
		{C7BE4918-CD69-44D0-93A4-B7F8EFE7EB81}.Debug|Any CPU.Build.0 = Debug|Any CPU
		{C7BE4918-CD69-44D0-93A4-B7F8EFE7EB81}.Release|Any CPU.ActiveCfg = Release|Any CPU
		{C7BE4918-CD69-44D0-93A4-B7F8EFE7EB81}.Release|Any CPU.Build.0 = Release|Any CPU
		{0DA35911-F89E-4268-B0DF-A2BFEAFF0F0B}.Debug|Any CPU.ActiveCfg = Debug|Any CPU
		{0DA35911-F89E-4268-B0DF-A2BFEAFF0F0B}.Debug|Any CPU.Build.0 = Debug|Any CPU
		{0DA35911-F89E-4268-B0DF-A2BFEAFF0F0B}.Release|Any CPU.ActiveCfg = Release|Any CPU
		{0DA35911-F89E-4268-B0DF-A2BFEAFF0F0B}.Release|Any CPU.Build.0 = Release|Any CPU
		{916B1777-57C4-4FDD-91CB-D903ACE97499}.Debug|Any CPU.ActiveCfg = Debug|Any CPU
		{916B1777-57C4-4FDD-91CB-D903ACE97499}.Debug|Any CPU.Build.0 = Debug|Any CPU
		{916B1777-57C4-4FDD-91CB-D903ACE97499}.Release|Any CPU.ActiveCfg = Release|Any CPU
		{916B1777-57C4-4FDD-91CB-D903ACE97499}.Release|Any CPU.Build.0 = Release|Any CPU
		{DED998DE-DB62-41E1-A3A1-389EFAF7530B}.Debug|Any CPU.ActiveCfg = Debug|Any CPU
		{DED998DE-DB62-41E1-A3A1-389EFAF7530B}.Debug|Any CPU.Build.0 = Debug|Any CPU
		{DED998DE-DB62-41E1-A3A1-389EFAF7530B}.Release|Any CPU.ActiveCfg = Release|Any CPU
		{DED998DE-DB62-41E1-A3A1-389EFAF7530B}.Release|Any CPU.Build.0 = Release|Any CPU
		{BD71006A-60DA-47D6-A4EE-7F1C59BE8C9A}.Debug|Any CPU.ActiveCfg = Debug|Any CPU
		{BD71006A-60DA-47D6-A4EE-7F1C59BE8C9A}.Debug|Any CPU.Build.0 = Debug|Any CPU
		{BD71006A-60DA-47D6-A4EE-7F1C59BE8C9A}.Release|Any CPU.ActiveCfg = Release|Any CPU
		{BD71006A-60DA-47D6-A4EE-7F1C59BE8C9A}.Release|Any CPU.Build.0 = Release|Any CPU
		{3A6A2687-04BA-4AE1-BC75-71C367BAB338}.Debug|Any CPU.ActiveCfg = Debug|Any CPU
		{3A6A2687-04BA-4AE1-BC75-71C367BAB338}.Debug|Any CPU.Build.0 = Debug|Any CPU
		{3A6A2687-04BA-4AE1-BC75-71C367BAB338}.Release|Any CPU.ActiveCfg = Release|Any CPU
		{3A6A2687-04BA-4AE1-BC75-71C367BAB338}.Release|Any CPU.Build.0 = Release|Any CPU
	EndGlobalSection
	GlobalSection(SolutionProperties) = preSolution
		HideSolutionNode = FALSE
	EndGlobalSection
	GlobalSection(ExtensibilityGlobals) = postSolution
		SolutionGuid = {2843F384-9F8E-4D08-934F-B863FC7F989B}
	EndGlobalSection
EndGlobal
